
Microsoft Visual Studio Solution File, Format Version 12.00
# Visual Studio 2013
VisualStudioVersion = 12.0.21005.1
MinimumVisualStudioVersion = 10.0.40219.1
Project("{FAE04EC0-301F-11D3-BF4B-00C04F79EFBC}") = "EntidadesActivador", "Entidades\EntidadesActivador.csproj", "{1C8E7DF5-4356-46EB-9EF5-EE4847C4B612}"
EndProject
Project("{FAE04EC0-301F-11D3-BF4B-00C04F79EFBC}") = "Escritorio", "Escritorio\Escritorio.csproj", "{0322D78E-B7D5-44A3-98DC-F7221648E5FA}"
EndProject
Project("{FAE04EC0-301F-11D3-BF4B-00C04F79EFBC}") = "LogicaActivador", "Logica\LogicaActivador.csproj", "{ED839047-9626-412B-882C-D30C940BA6C3}"
EndProject
Global
	GlobalSection(SolutionConfigurationPlatforms) = preSolution
		Debug|Any CPU = Debug|Any CPU
		Debug|Mixed Platforms = Debug|Mixed Platforms
		Debug|x64 = Debug|x64
		Debug|x86 = Debug|x86
		Release|Any CPU = Release|Any CPU
		Release|Mixed Platforms = Release|Mixed Platforms
		Release|x64 = Release|x64
		Release|x86 = Release|x86
	EndGlobalSection
	GlobalSection(ProjectConfigurationPlatforms) = postSolution
		{1C8E7DF5-4356-46EB-9EF5-EE4847C4B612}.Debug|Any CPU.ActiveCfg = Debug|Any CPU
		{1C8E7DF5-4356-46EB-9EF5-EE4847C4B612}.Debug|Any CPU.Build.0 = Debug|Any CPU
		{1C8E7DF5-4356-46EB-9EF5-EE4847C4B612}.Debug|Mixed Platforms.ActiveCfg = Debug|Any CPU
		{1C8E7DF5-4356-46EB-9EF5-EE4847C4B612}.Debug|Mixed Platforms.Build.0 = Debug|Any CPU
		{1C8E7DF5-4356-46EB-9EF5-EE4847C4B612}.Debug|x64.ActiveCfg = Release|Any CPU
		{1C8E7DF5-4356-46EB-9EF5-EE4847C4B612}.Debug|x86.ActiveCfg = Debug|Any CPU
		{1C8E7DF5-4356-46EB-9EF5-EE4847C4B612}.Release|Any CPU.ActiveCfg = Release|Any CPU
		{1C8E7DF5-4356-46EB-9EF5-EE4847C4B612}.Release|Any CPU.Build.0 = Release|Any CPU
		{1C8E7DF5-4356-46EB-9EF5-EE4847C4B612}.Release|Mixed Platforms.ActiveCfg = Release|Any CPU
		{1C8E7DF5-4356-46EB-9EF5-EE4847C4B612}.Release|Mixed Platforms.Build.0 = Release|Any CPU
		{1C8E7DF5-4356-46EB-9EF5-EE4847C4B612}.Release|x64.ActiveCfg = Release|x64
		{1C8E7DF5-4356-46EB-9EF5-EE4847C4B612}.Release|x64.Build.0 = Release|x64
		{1C8E7DF5-4356-46EB-9EF5-EE4847C4B612}.Release|x86.ActiveCfg = Release|Any CPU
		{0322D78E-B7D5-44A3-98DC-F7221648E5FA}.Debug|Any CPU.ActiveCfg = Debug|Any CPU
		{0322D78E-B7D5-44A3-98DC-F7221648E5FA}.Debug|Any CPU.Build.0 = Debug|Any CPU
		{0322D78E-B7D5-44A3-98DC-F7221648E5FA}.Debug|Mixed Platforms.ActiveCfg = Debug|x86
		{0322D78E-B7D5-44A3-98DC-F7221648E5FA}.Debug|Mixed Platforms.Build.0 = Debug|x86
		{0322D78E-B7D5-44A3-98DC-F7221648E5FA}.Debug|x64.ActiveCfg = Debug|x86
		{0322D78E-B7D5-44A3-98DC-F7221648E5FA}.Debug|x64.Build.0 = Debug|x86
		{0322D78E-B7D5-44A3-98DC-F7221648E5FA}.Debug|x86.ActiveCfg = Debug|x86
		{0322D78E-B7D5-44A3-98DC-F7221648E5FA}.Debug|x86.Build.0 = Debug|x86
		{0322D78E-B7D5-44A3-98DC-F7221648E5FA}.Release|Any CPU.ActiveCfg = Release|Any CPU
		{0322D78E-B7D5-44A3-98DC-F7221648E5FA}.Release|Any CPU.Build.0 = Release|Any CPU
		{0322D78E-B7D5-44A3-98DC-F7221648E5FA}.Release|Mixed Platforms.ActiveCfg = Release|x86
		{0322D78E-B7D5-44A3-98DC-F7221648E5FA}.Release|Mixed Platforms.Build.0 = Release|x86
		{0322D78E-B7D5-44A3-98DC-F7221648E5FA}.Release|x64.ActiveCfg = Debug|x86
		{0322D78E-B7D5-44A3-98DC-F7221648E5FA}.Release|x86.ActiveCfg = Release|x86
		{0322D78E-B7D5-44A3-98DC-F7221648E5FA}.Release|x86.Build.0 = Release|x86
		{ED839047-9626-412B-882C-D30C940BA6C3}.Debug|Any CPU.ActiveCfg = Debug|Any CPU
		{ED839047-9626-412B-882C-D30C940BA6C3}.Debug|Any CPU.Build.0 = Debug|Any CPU
		{ED839047-9626-412B-882C-D30C940BA6C3}.Debug|Mixed Platforms.ActiveCfg = Debug|Any CPU
		{ED839047-9626-412B-882C-D30C940BA6C3}.Debug|Mixed Platforms.Build.0 = Debug|Any CPU
		{ED839047-9626-412B-882C-D30C940BA6C3}.Debug|x64.ActiveCfg = Debug|Any CPU
		{ED839047-9626-412B-882C-D30C940BA6C3}.Debug|x86.ActiveCfg = Debug|Any CPU
		{ED839047-9626-412B-882C-D30C940BA6C3}.Release|Any CPU.ActiveCfg = Release|Any CPU
		{ED839047-9626-412B-882C-D30C940BA6C3}.Release|Any CPU.Build.0 = Release|Any CPU
		{ED839047-9626-412B-882C-D30C940BA6C3}.Release|Mixed Platforms.ActiveCfg = Release|Any CPU
		{ED839047-9626-412B-882C-D30C940BA6C3}.Release|Mixed Platforms.Build.0 = Release|Any CPU
		{ED839047-9626-412B-882C-D30C940BA6C3}.Release|x64.ActiveCfg = Release|Any CPU
		{ED839047-9626-412B-882C-D30C940BA6C3}.Release|x86.ActiveCfg = Release|Any CPU
	EndGlobalSection
	GlobalSection(SolutionProperties) = preSolution
		HideSolutionNode = FALSE
	EndGlobalSection
EndGlobal
